
Microsoft Visual Studio Solution File, Format Version 12.00
Project("{FAE04EC0-301F-11D3-BF4B-00C04F79EFBC}") = "WebApp", "WebApp\WebApp.csproj", "{AAF0DB7A-C795-4722-B970-8F85CF5B6DA6}"
EndProject
Global
	GlobalSection(SolutionConfigurationPlatforms) = preSolution
		Debug|Any CPU = Debug|Any CPU
		Release|Any CPU = Release|Any CPU
	EndGlobalSection
	GlobalSection(ProjectConfigurationPlatforms) = postSolution
		{AAF0DB7A-C795-4722-B970-8F85CF5B6DA6}.Debug|Any CPU.ActiveCfg = Debug|Any CPU
		{AAF0DB7A-C795-4722-B970-8F85CF5B6DA6}.Debug|Any CPU.Build.0 = Debug|Any CPU
		{AAF0DB7A-C795-4722-B970-8F85CF5B6DA6}.Release|Any CPU.ActiveCfg = Release|Any CPU
		{AAF0DB7A-C795-4722-B970-8F85CF5B6DA6}.Release|Any CPU.Build.0 = Release|Any CPU
	EndGlobalSection
EndGlobal
